
Microsoft Visual Studio Solution File, Format Version 12.00
# Visual Studio Version 17
VisualStudioVersion = 17.7.34221.43
MinimumVisualStudioVersion = 10.0.40219.1
Project("{FAE04EC0-301F-11D3-BF4B-00C04F79EFBC}") = "ArtilleryHitsThePlane", "ArtilleryHitsThePlane\ArtilleryHitsThePlane.csproj", "{FA004E5D-5D96-42FA-8EEB-293809639764}"
EndProject
Global
	GlobalSection(SolutionConfigurationPlatforms) = preSolution
		Debug|Any CPU = Debug|Any CPU
		Release|Any CPU = Release|Any CPU
	EndGlobalSection
	GlobalSection(ProjectConfigurationPlatforms) = postSolution
		{FA004E5D-5D96-42FA-8EEB-293809639764}.Debug|Any CPU.ActiveCfg = Debug|Any CPU
		{FA004E5D-5D96-42FA-8EEB-293809639764}.Debug|Any CPU.Build.0 = Debug|Any CPU
		{FA004E5D-5D96-42FA-8EEB-293809639764}.Release|Any CPU.ActiveCfg = Release|Any CPU
		{FA004E5D-5D96-42FA-8EEB-293809639764}.Release|Any CPU.Build.0 = Release|Any CPU
	EndGlobalSection
	GlobalSection(SolutionProperties) = preSolution
		HideSolutionNode = FALSE
	EndGlobalSection
	GlobalSection(ExtensibilityGlobals) = postSolution
		SolutionGuid = {936130FD-F7BD-4E1F-942A-7FC11A131035}
	EndGlobalSection
EndGlobal
